<?xml version="1.0" encoding="utf-8"?>
<Project ToolsVersion="4.0" xmlns="http://schemas.microsoft.com/developer/msbuild/2003">
  <ItemGroup>
    <Filter Include="リソース ファイル">
      <UniqueIdentifier>{67DA6AB6-F800-4c08-8B7A-83BB121AAD01}</UniqueIdentifier>
      <Extensions>rc;ico;cur;bmp;dlg;rc2;rct;bin;rgs;gif;jpg;jpeg;jpe;resx;tiff;tif;png;wav;mfcribbon-ms</Extensions>
    </Filter>
    <Filter Include="Source">
      <UniqueIdentifier>{4FC737F1-C7A5-4376-A066-2A32D752A2FF}</UniqueIdentifier>
      <Extensions>cpp;c;cc;cxx;def;odl;idl;hpj;bat;asm;asmx</Extensions>
    </Filter>
    <Filter Include="Source\Common">
      <UniqueIdentifier>{6715c58f-6452-4304-aa46-28003703b11a}</UniqueIdentifier>
    </Filter>
    <Filter Include="Source\Input">
      <UniqueIdentifier>{6f600d04-46e5-42c3-9744-25ff53835370}</UniqueIdentifier>
    </Filter>
    <Filter Include="Source\System">
      <UniqueIdentifier>{cf94d70d-33f5-495c-a381-f8a05ae4037e}</UniqueIdentifier>
    </Filter>
    <Filter Include="Source\Object">
      <UniqueIdentifier>{ec32f6f7-dc5c-4c48-a763-5d4a03475af0}</UniqueIdentifier>
    </Filter>
    <Filter Include="Source\Collision">
      <UniqueIdentifier>{d166c4ba-dc7a-4353-8d97-6524c64b27d1}</UniqueIdentifier>
    </Filter>
    <Filter Include="Source\Scene">
      <UniqueIdentifier>{0e722e4f-73fc-41b1-a3f2-677a57a2d898}</UniqueIdentifier>
    </Filter>
    <Filter Include="Source\Fade">
      <UniqueIdentifier>{4c72887e-8be6-4924-a326-40d81872b800}</UniqueIdentifier>
    </Filter>
    <Filter Include="Source\Pause">
      <UniqueIdentifier>{1f1895e5-d09e-4820-97ef-8857f560dcd0}</UniqueIdentifier>
    </Filter>
    <Filter Include="Source\Timer">
      <UniqueIdentifier>{7428d028-c511-49d2-8bdb-5ae58a561db4}</UniqueIdentifier>
    </Filter>
    <Filter Include="Source\Score">
      <UniqueIdentifier>{e1e55beb-e9eb-4fc3-b8b2-4036a5193843}</UniqueIdentifier>
    </Filter>
    <Filter Include="Source\Sprite">
      <UniqueIdentifier>{846b521c-666d-4cb9-8414-8d274f4b9a9f}</UniqueIdentifier>
    </Filter>
    <Filter Include="Source\Vertex">
      <UniqueIdentifier>{0d3b53f1-5d05-4a60-9f3e-93785435bc5a}</UniqueIdentifier>
    </Filter>
    <Filter Include="Source\Renderer">
      <UniqueIdentifier>{c2e62cb0-5b53-420c-951a-4c894e85040b}</UniqueIdentifier>
    </Filter>
    <Filter Include="FontTexture">
      <UniqueIdentifier>{74e3984c-c20d-4df9-8ff9-15c77ff82add}</UniqueIdentifier>
    </Filter>
  </ItemGroup>
  <ItemGroup>
    <ClInclude Include="Source\stdafx.h">
      <Filter>Source</Filter>
    </ClInclude>
    <ClInclude Include="Source\Common\Common.h">
      <Filter>Source\Common</Filter>
    </ClInclude>
    <ClInclude Include="Source\Common\ConstantTable.h">
      <Filter>Source\Common</Filter>
    </ClInclude>
    <ClInclude Include="Source\Common\DebugModule.h">
      <Filter>Source\Common</Filter>
    </ClInclude>
    <ClInclude Include="Source\Common\MathUtility.h">
      <Filter>Source\Common</Filter>
    </ClInclude>
    <ClInclude Include="Source\Common\MyAssert.h">
      <Filter>Source\Common</Filter>
    </ClInclude>
    <ClInclude Include="Source\Common\Random.h">
      <Filter>Source\Common</Filter>
    </ClInclude>
    <ClInclude Include="Source\Common\SafeCheck.h">
      <Filter>Source\Common</Filter>
    </ClInclude>
    <ClInclude Include="Source\Common\System.h">
      <Filter>Source\Common</Filter>
    </ClInclude>
    <ClInclude Include="Source\Common\type_alias.h">
      <Filter>Source\Common</Filter>
    </ClInclude>
    <ClInclude Include="Source\Input\Input.h">
      <Filter>Source\Input</Filter>
    </ClInclude>
    <ClInclude Include="Source\Input\InputJoypad.h">
      <Filter>Source\Input</Filter>
    </ClInclude>
    <ClInclude Include="Source\Input\InputKeyboard.h">
      <Filter>Source\Input</Filter>
    </ClInclude>
    <ClInclude Include="Source\Input\InputMouse.h">
      <Filter>Source\Input</Filter>
    </ClInclude>
    <ClInclude Include="Source\Input\InputXInput.h">
      <Filter>Source\Input</Filter>
    </ClInclude>
    <ClInclude Include="Source\System\SystemManager.h">
      <Filter>Source\System</Filter>
    </ClInclude>
    <ClInclude Include="Source\Object\ObjectManager.h">
      <Filter>Source\Object</Filter>
    </ClInclude>
    <ClInclude Include="Source\Collision\Collision.h">
      <Filter>Source\Collision</Filter>
    </ClInclude>
    <ClInclude Include="Source\Collision\CollisionDetector.h">
      <Filter>Source\Collision</Filter>
    </ClInclude>
    <ClInclude Include="Source\Fade\Fade.h">
      <Filter>Source\Fade</Filter>
    </ClInclude>
    <ClInclude Include="Source\Timer\Timer.h">
      <Filter>Source\Timer</Filter>
    </ClInclude>
    <ClInclude Include="Source\Score\Score.h">
      <Filter>Source\Score</Filter>
    </ClInclude>
    <ClInclude Include="Source\Pause\Pause.h">
      <Filter>Source\Pause</Filter>
    </ClInclude>
    <ClInclude Include="Source\Scene\SceneLogo.h">
      <Filter>Source\Scene</Filter>
    </ClInclude>
    <ClInclude Include="Source\Scene\SceneManager.h">
      <Filter>Source\Scene</Filter>
    </ClInclude>
    <ClInclude Include="Source\Scene\SceneRanking.h">
      <Filter>Source\Scene</Filter>
    </ClInclude>
    <ClInclude Include="Source\Scene\SceneResult.h">
      <Filter>Source\Scene</Filter>
    </ClInclude>
    <ClInclude Include="Source\Scene\SceneTitle.h">
      <Filter>Source\Scene</Filter>
    </ClInclude>
    <ClInclude Include="Source\Scene\SceneBase.h">
      <Filter>Source\Scene</Filter>
    </ClInclude>
    <ClInclude Include="Source\Scene\SceneClear.h">
      <Filter>Source\Scene</Filter>
    </ClInclude>
    <ClInclude Include="Source\Scene\SceneDebug.h">
      <Filter>Source\Scene</Filter>
    </ClInclude>
    <ClInclude Include="Source\Scene\SceneDemo.h">
      <Filter>Source\Scene</Filter>
    </ClInclude>
    <ClInclude Include="Source\Scene\SceneGame.h">
      <Filter>Source\Scene</Filter>
    </ClInclude>
    <ClInclude Include="Source\Scene\SceneGameOver.h">
      <Filter>Source\Scene</Filter>
    </ClInclude>
    <ClInclude Include="Source\Object\Object2D.h">
      <Filter>Source\Object</Filter>
    </ClInclude>
    <ClInclude Include="Source\Sprite\Sprite.h">
      <Filter>Source\Sprite</Filter>
    </ClInclude>
    <ClInclude Include="Source\Vertex\Vertex.h">
      <Filter>Source\Vertex</Filter>
    </ClInclude>
    <ClInclude Include="Source\Renderer\Renderer.h">
      <Filter>Source\Renderer</Filter>
    </ClInclude>
    <ClInclude Include="Source\Common\Singleton.h">
      <Filter>Source\Common</Filter>
    </ClInclude>
    <ClInclude Include="Source\FontTexture\fontTexture.h">
      <Filter>FontTexture</Filter>
    </ClInclude>
    <ClInclude Include="Source\FontTexture\FontString.h">
      <Filter>FontTexture</Filter>
    </ClInclude>
  </ItemGroup>
  <ItemGroup>
    <ClCompile Include="Source\Main.cpp">
      <Filter>Source</Filter>
    </ClCompile>
    <ClCompile Include="Source\Common\DebugModule.cpp">
      <Filter>Source\Common</Filter>
    </ClCompile>
    <ClCompile Include="Source\Common\MyAssert.cpp">
      <Filter>Source\Common</Filter>
    </ClCompile>
    <ClCompile Include="Source\Common\Random.cpp">
      <Filter>Source\Common</Filter>
    </ClCompile>
    <ClCompile Include="Source\Input\Input.cpp">
      <Filter>Source\Input</Filter>
    </ClCompile>
    <ClCompile Include="Source\Input\InputJoypad.cpp">
      <Filter>Source\Input</Filter>
    </ClCompile>
    <ClCompile Include="Source\Input\InputKeyboard.cpp">
      <Filter>Source\Input</Filter>
    </ClCompile>
    <ClCompile Include="Source\Input\InputMouse.cpp">
      <Filter>Source\Input</Filter>
    </ClCompile>
    <ClCompile Include="Source\Input\InputXInput.cpp">
      <Filter>Source\Input</Filter>
    </ClCompile>
    <ClCompile Include="Source\System\SystemManager.cpp">
      <Filter>Source\System</Filter>
    </ClCompile>
    <ClCompile Include="Common.cpp">
      <Filter>Source\Common</Filter>
    </ClCompile>
    <ClCompile Include="Source\Object\ObjectManager.cpp">
      <Filter>Source\Object</Filter>
    </ClCompile>
    <ClCompile Include="Source\Collision\Collision.cpp">
      <Filter>Source\Collision</Filter>
    </ClCompile>
    <ClCompile Include="Source\Collision\CollisionDetector.cpp">
      <Filter>Source\Collision</Filter>
    </ClCompile>
    <ClCompile Include="Source\Fade\Fade.cpp">
      <Filter>Source\Fade</Filter>
    </ClCompile>
    <ClCompile Include="Source\Timer\Timer.cpp">
      <Filter>Source\Timer</Filter>
    </ClCompile>
    <ClCompile Include="Source\Score\Score.cpp">
      <Filter>Source\Score</Filter>
    </ClCompile>
    <ClCompile Include="Source\Pause\Pause.cpp">
      <Filter>Source\Pause</Filter>
    </ClCompile>
    <ClCompile Include="Source\Scene\SceneManager.cpp">
      <Filter>Source\Scene</Filter>
    </ClCompile>
    <ClCompile Include="Source\Scene\SceneRanking.cpp">
      <Filter>Source\Scene</Filter>
    </ClCompile>
    <ClCompile Include="Source\Scene\SceneResult.cpp">
      <Filter>Source\Scene</Filter>
    </ClCompile>
    <ClCompile Include="Source\Scene\SceneTitle.cpp">
      <Filter>Source\Scene</Filter>
    </ClCompile>
    <ClCompile Include="Source\Scene\SceneClear.cpp">
      <Filter>Source\Scene</Filter>
    </ClCompile>
    <ClCompile Include="Source\Scene\SceneDebug.cpp">
      <Filter>Source\Scene</Filter>
    </ClCompile>
    <ClCompile Include="Source\Scene\SceneDemo.cpp">
      <Filter>Source\Scene</Filter>
    </ClCompile>
    <ClCompile Include="Source\Scene\SceneGame.cpp">
      <Filter>Source\Scene</Filter>
    </ClCompile>
    <ClCompile Include="Source\Scene\SceneGameOver.cpp">
      <Filter>Source\Scene</Filter>
    </ClCompile>
    <ClCompile Include="Source\Scene\SceneLogo.cpp">
      <Filter>Source\Scene</Filter>
    </ClCompile>
    <ClCompile Include="Source\Object\Object2D.cpp">
      <Filter>Source\Object</Filter>
    </ClCompile>
    <ClCompile Include="Source\Sprite\Sprite.cpp">
      <Filter>Source\Sprite</Filter>
    </ClCompile>
    <ClCompile Include="Source\Renderer\Renderer.cpp">
      <Filter>Source\Renderer</Filter>
    </ClCompile>
    <ClCompile Include="Source\FontTexture\fontTexture.cpp">
      <Filter>FontTexture</Filter>
    </ClCompile>
    <ClCompile Include="Source\FontTexture\FontString.cpp">
      <Filter>FontTexture</Filter>
    </ClCompile>
  </ItemGroup>
</Project>